
Microsoft Visual Studio Solution File, Format Version 12.00
# Visual Studio Version 17
VisualStudioVersion = 17.8.34330.188
MinimumVisualStudioVersion = 10.0.40219.1
Project("{FAE04EC0-301F-11D3-BF4B-00C04F79EFBC}") = "C#14", "C#14.csproj", "{09CC908A-3877-49E2-9B5D-44898AD879D6}"
EndProject
Global
	GlobalSection(SolutionConfigurationPlatforms) = preSolution
		Debug|Any CPU = Debug|Any CPU
		Release|Any CPU = Release|Any CPU
	EndGlobalSection
	GlobalSection(ProjectConfigurationPlatforms) = postSolution
		{09CC908A-3877-49E2-9B5D-44898AD879D6}.Debug|Any CPU.ActiveCfg = Debug|Any CPU
		{09CC908A-3877-49E2-9B5D-44898AD879D6}.Debug|Any CPU.Build.0 = Debug|Any CPU
		{09CC908A-3877-49E2-9B5D-44898AD879D6}.Release|Any CPU.ActiveCfg = Release|Any CPU
		{09CC908A-3877-49E2-9B5D-44898AD879D6}.Release|Any CPU.Build.0 = Release|Any CPU
	EndGlobalSection
	GlobalSection(SolutionProperties) = preSolution
		HideSolutionNode = FALSE
	EndGlobalSection
	GlobalSection(ExtensibilityGlobals) = postSolution
		SolutionGuid = {B268850A-B916-4761-965F-49006235DCE9}
	EndGlobalSection
EndGlobal
